
Microsoft Visual Studio Solution File, Format Version 12.00
# Visual Studio Version 17
VisualStudioVersion = 17.12.35527.113
MinimumVisualStudioVersion = 10.0.40219.1
Project("{FAE04EC0-301F-11D3-BF4B-00C04F79EFBC}") = "FoodRestaurant", "FoodRestaurant\FoodRestaurant.csproj", "{7A934355-0352-437C-A923-AA75AC50BC86}"
EndProject
Project("{FAE04EC0-301F-11D3-BF4B-00C04F79EFBC}") = "MenuFood_ConsoleApp", "MenuFood_ConsoleApp\MenuFood_ConsoleApp.csproj", "{97159069-5CE6-4E04-8A7F-F0C9D4E514C9}"
EndProject
Global
	GlobalSection(SolutionConfigurationPlatforms) = preSolution
		Debug|Any CPU = Debug|Any CPU
		Release|Any CPU = Release|Any CPU
	EndGlobalSection
	GlobalSection(ProjectConfigurationPlatforms) = postSolution
		{7A934355-0352-437C-A923-AA75AC50BC86}.Debug|Any CPU.ActiveCfg = Debug|Any CPU
		{7A934355-0352-437C-A923-AA75AC50BC86}.Debug|Any CPU.Build.0 = Debug|Any CPU
		{7A934355-0352-437C-A923-AA75AC50BC86}.Release|Any CPU.ActiveCfg = Release|Any CPU
		{7A934355-0352-437C-A923-AA75AC50BC86}.Release|Any CPU.Build.0 = Release|Any CPU
		{97159069-5CE6-4E04-8A7F-F0C9D4E514C9}.Debug|Any CPU.ActiveCfg = Debug|Any CPU
		{97159069-5CE6-4E04-8A7F-F0C9D4E514C9}.Debug|Any CPU.Build.0 = Debug|Any CPU
		{97159069-5CE6-4E04-8A7F-F0C9D4E514C9}.Release|Any CPU.ActiveCfg = Release|Any CPU
		{97159069-5CE6-4E04-8A7F-F0C9D4E514C9}.Release|Any CPU.Build.0 = Release|Any CPU
	EndGlobalSection
	GlobalSection(SolutionProperties) = preSolution
		HideSolutionNode = FALSE
	EndGlobalSection
EndGlobal
